// !$*UTF8*$!
{
	archiveVersion = 1;
	classes = {
	};
	objectVersion = 56;
	objects = {

/* Begin PBXBuildFile section */
		1139E6342EDA40F600C0673A /* Cleaner_GeminiApp.swift in Sources */ = {isa = PBXBuildFile; fileRef = 1139E6332EDA40F600C0673A /* Cleaner_GeminiApp.swift */; };
		1139E6362EDA40F600C0673A /* ContentView.swift in Sources */ = {isa = PBXBuildFile; fileRef = 1139E6352EDA40F600C0673A /* ContentView.swift */; };
		1139E6382EDA40F900C0673A /* Assets.xcassets in Resources */ = {isa = PBXBuildFile; fileRef = 1139E6372EDA40F900C0673A /* Assets.xcassets */; };
		1139E63B2EDA40F900C0673A /* Preview Assets.xcassets in Resources */ = {isa = PBXBuildFile; fileRef = 1139E63A2EDA40F900C0673A /* Preview Assets.xcassets */; };
		1139E63D2EDA40F900C0673A /* Persistence.swift in Sources */ = {isa = PBXBuildFile; fileRef = 1139E63C2EDA40F900C0673A /* Persistence.swift */; };
		1139E6402EDA40F900C0673A /* Cleaner_Gemini.xcdatamodeld in Sources */ = {isa = PBXBuildFile; fileRef = 1139E63E2EDA40F900C0673A /* Cleaner_Gemini.xcdatamodeld */; };
		1139E64A2EDA40F900C0673A /* Cleaner_GeminiTests.swift in Sources */ = {isa = PBXBuildFile; fileRef = 1139E6492EDA40F900C0673A /* Cleaner_GeminiTests.swift */; };
		1139E6542EDA40FA00C0673A /* Cleaner_GeminiUITests.swift in Sources */ = {isa = PBXBuildFile; fileRef = 1139E6532EDA40FA00C0673A /* Cleaner_GeminiUITests.swift */; };
		1139E6562EDA40FA00C0673A /* Cleaner_GeminiUITestsLaunchTests.swift in Sources */ = {isa = PBXBuildFile; fileRef = 1139E6552EDA40FA00C0673A /* Cleaner_GeminiUITestsLaunchTests.swift */; };
/* End PBXBuildFile section */

/* Begin PBXContainerItemProxy section */
		1139E6462EDA40F900C0673A /* PBXContainerItemProxy */ = {
			isa = PBXContainerItemProxy;
			containerPortal = 1139E6282EDA40F600C0673A /* Project object */;
			proxyType = 1;
			remoteGlobalIDString = 1139E62F2EDA40F600C0673A;
			remoteInfo = Cleaner_Gemini;
		};
		1139E6502EDA40FA00C0673A /* PBXContainerItemProxy */ = {
			isa = PBXContainerItemProxy;
			containerPortal = 1139E6282EDA40F600C0673A /* Project object */;
			proxyType = 1;
			remoteGlobalIDString = 1139E62F2EDA40F600C0673A;
			remoteInfo = Cleaner_Gemini;
		};
/* End PBXContainerItemProxy section */

/* Begin PBXFileReference section */
		1139E6302EDA40F600C0673A /* Cleaner_Gemini.app */ = {isa = PBXFileReference; explicitFileType = wrapper.application; includeInIndex = 0; path = Cleaner_Gemini.app; sourceTree = BUILT_PRODUCTS_DIR; };
		1139E6332EDA40F600C0673A /* Cleaner_GeminiApp.swift */ = {isa = PBXFileReference; lastKnownFileType = sourcecode.swift; path = Cleaner_GeminiApp.swift; sourceTree = "<group>"; };
		1139E6352EDA40F600C0673A /* ContentView.swift */ = {isa = PBXFileReference; lastKnownFileType = sourcecode.swift; path = ContentView.swift; sourceTree = "<group>"; };
		1139E6372EDA40F900C0673A /* Assets.xcassets */ = {isa = PBXFileReference; lastKnownFileType = folder.assetcatalog; path = Assets.xcassets; sourceTree = "<group>"; };
		1139E63A2EDA40F900C0673A /* Preview Assets.xcassets */ = {isa = PBXFileReference; lastKnownFileType = folder.assetcatalog; path = "Preview Assets.xcassets"; sourceTree = "<group>"; };
		1139E63C2EDA40F900C0673A /* Persistence.swift */ = {isa = PBXFileReference; lastKnownFileType = sourcecode.swift; path = Persistence.swift; sourceTree = "<group>"; };
		1139E63F2EDA40F900C0673A /* Cleaner_Gemini.xcdatamodel */ = {isa = PBXFileReference; lastKnownFileType = wrapper.xcdatamodel; path = Cleaner_Gemini.xcdatamodel; sourceTree = "<group>"; };
		1139E6452EDA40F900C0673A /* Cleaner_GeminiTests.xctest */ = {isa = PBXFileReference; explicitFileType = wrapper.cfbundle; includeInIndex = 0; path = Cleaner_GeminiTests.xctest; sourceTree = BUILT_PRODUCTS_DIR; };
		1139E6492EDA40F900C0673A /* Cleaner_GeminiTests.swift */ = {isa = PBXFileReference; lastKnownFileType = sourcecode.swift; path = Cleaner_GeminiTests.swift; sourceTree = "<group>"; };
		1139E64F2EDA40FA00C0673A /* Cleaner_GeminiUITests.xctest */ = {isa = PBXFileReference; explicitFileType = wrapper.cfbundle; includeInIndex = 0; path = Cleaner_GeminiUITests.xctest; sourceTree = BUILT_PRODUCTS_DIR; };
		1139E6532EDA40FA00C0673A /* Cleaner_GeminiUITests.swift */ = {isa = PBXFileReference; lastKnownFileType = sourcecode.swift; path = Cleaner_GeminiUITests.swift; sourceTree = "<group>"; };
		1139E6552EDA40FA00C0673A /* Cleaner_GeminiUITestsLaunchTests.swift */ = {isa = PBXFileReference; lastKnownFileType = sourcecode.swift; path = Cleaner_GeminiUITestsLaunchTests.swift; sourceTree = "<group>"; };
/* End PBXFileReference section */

/* Begin PBXFrameworksBuildPhase section */
		1139E62D2EDA40F600C0673A /* Frameworks */ = {
			isa = PBXFrameworksBuildPhase;
			buildActionMask = 2147483647;
			files = (
			);
			runOnlyForDeploymentPostprocessing = 0;
		};
		1139E6422EDA40F900C0673A /* Frameworks */ = {
			isa = PBXFrameworksBuildPhase;
			buildActionMask = 2147483647;
			files = (
			);
			runOnlyForDeploymentPostprocessing = 0;
		};
		1139E64C2EDA40F900C0673A /* Frameworks */ = {
			isa = PBXFrameworksBuildPhase;
			buildActionMask = 2147483647;
			files = (
			);
			runOnlyForDeploymentPostprocessing = 0;
		};
/* End PBXFrameworksBuildPhase section */

/* Begin PBXGroup section */
		1139E6272EDA40F600C0673A = {
			isa = PBXGroup;
			children = (
				1139E6322EDA40F600C0673A /* Cleaner_Gemini */,
				1139E6482EDA40F900C0673A /* Cleaner_GeminiTests */,
				1139E6522EDA40FA00C0673A /* Cleaner_GeminiUITests */,
				1139E6312EDA40F600C0673A /* Products */,
			);
			sourceTree = "<group>";
		};
		1139E6312EDA40F600C0673A /* Products */ = {
			isa = PBXGroup;
			children = (
				1139E6302EDA40F600C0673A /* Cleaner_Gemini.app */,
				1139E6452EDA40F900C0673A /* Cleaner_GeminiTests.xctest */,
				1139E64F2EDA40FA00C0673A /* Cleaner_GeminiUITests.xctest */,
			);
			name = Products;
			sourceTree = "<group>";
		};
		1139E6322EDA40F600C0673A /* Cleaner_Gemini */ = {
			isa = PBXGroup;
			children = (
				1139E6332EDA40F600C0673A /* Cleaner_GeminiApp.swift */,
				1139E6352EDA40F600C0673A /* ContentView.swift */,
				1139E6372EDA40F900C0673A /* Assets.xcassets */,
				1139E63C2EDA40F900C0673A /* Persistence.swift */,
				1139E63E2EDA40F900C0673A /* Cleaner_Gemini.xcdatamodeld */,
				1139E6392EDA40F900C0673A /* Preview Content */,
			);
			path = Cleaner_Gemini;
			sourceTree = "<group>";
		};
		1139E6392EDA40F900C0673A /* Preview Content */ = {
			isa = PBXGroup;
			children = (
				1139E63A2EDA40F900C0673A /* Preview Assets.xcassets */,
			);
			path = "Preview Content";
			sourceTree = "<group>";
		};
		1139E6482EDA40F900C0673A /* Cleaner_GeminiTests */ = {
			isa = PBXGroup;
			children = (
				1139E6492EDA40F900C0673A /* Cleaner_GeminiTests.swift */,
			);
			path = Cleaner_GeminiTests;
			sourceTree = "<group>";
		};
		1139E6522EDA40FA00C0673A /* Cleaner_GeminiUITests */ = {
			isa = PBXGroup;
			children = (
				1139E6532EDA40FA00C0673A /* Cleaner_GeminiUITests.swift */,
				1139E6552EDA40FA00C0673A /* Cleaner_GeminiUITestsLaunchTests.swift */,
			);
			path = Cleaner_GeminiUITests;
			sourceTree = "<group>";
		};
/* End PBXGroup section */

/* Begin PBXNativeTarget section */
		1139E62F2EDA40F600C0673A /* Cleaner_Gemini */ = {
			isa = PBXNativeTarget;
			buildConfigurationList = 1139E6592EDA40FA00C0673A /* Build configuration list for PBXNativeTarget "Cleaner_Gemini" */;
			buildPhases = (
				1139E62C2EDA40F600C0673A /* Sources */,
				1139E62D2EDA40F600C0673A /* Frameworks */,
				1139E62E2EDA40F600C0673A /* Resources */,
			);
			buildRules = (
			);
			dependencies = (
			);
			name = Cleaner_Gemini;
			productName = Cleaner_Gemini;
			productReference = 1139E6302EDA40F600C0673A /* Cleaner_Gemini.app */;
			productType = "com.apple.product-type.application";
		};
		1139E6442EDA40F900C0673A /* Cleaner_GeminiTests */ = {
			isa = PBXNativeTarget;
			buildConfigurationList = 1139E65C2EDA40FA00C0673A /* Build configuration list for PBXNativeTarget "Cleaner_GeminiTests" */;
			buildPhases = (
				1139E6412EDA40F900C0673A /* Sources */,
				1139E6422EDA40F900C0673A /* Frameworks */,
				1139E6432EDA40F900C0673A /* Resources */,
			);
			buildRules = (
			);
			dependencies = (
				1139E6472EDA40F900C0673A /* PBXTargetDependency */,
			);
			name = Cleaner_GeminiTests;
			productName = Cleaner_GeminiTests;
			productReference = 1139E6452EDA40F900C0673A /* Cleaner_GeminiTests.xctest */;
			productType = "com.apple.product-type.bundle.unit-test";
		};
		1139E64E2EDA40F900C0673A /* Cleaner_GeminiUITests */ = {
			isa = PBXNativeTarget;
			buildConfigurationList = 1139E65F2EDA40FA00C0673A /* Build configuration list for PBXNativeTarget "Cleaner_GeminiUITests" */;
			buildPhases = (
				1139E64B2EDA40F900C0673A /* Sources */,
				1139E64C2EDA40F900C0673A /* Frameworks */,
				1139E64D2EDA40F900C0673A /* Resources */,
			);
			buildRules = (
			);
			dependencies = (
				1139E6512EDA40FA00C0673A /* PBXTargetDependency */,
			);
			name = Cleaner_GeminiUITests;
			productName = Cleaner_GeminiUITests;
			productReference = 1139E64F2EDA40FA00C0673A /* Cleaner_GeminiUITests.xctest */;
			productType = "com.apple.product-type.bundle.ui-testing";
		};
/* End PBXNativeTarget section */

/* Begin PBXProject section */
		1139E6282EDA40F600C0673A /* Project object */ = {
			isa = PBXProject;
			attributes = {
				BuildIndependentTargetsInParallel = 1;
				LastSwiftUpdateCheck = 1430;
				LastUpgradeCheck = 1430;
				TargetAttributes = {
					1139E62F2EDA40F600C0673A = {
						CreatedOnToolsVersion = 14.3.1;
					};
					1139E6442EDA40F900C0673A = {
						CreatedOnToolsVersion = 14.3.1;
						TestTargetID = 1139E62F2EDA40F600C0673A;
					};
					1139E64E2EDA40F900C0673A = {
						CreatedOnToolsVersion = 14.3.1;
						TestTargetID = 1139E62F2EDA40F600C0673A;
					};
				};
			};
			buildConfigurationList = 1139E62B2EDA40F600C0673A /* Build configuration list for PBXProject "Cleaner_Gemini" */;
			compatibilityVersion = "Xcode 14.0";
			developmentRegion = en;
			hasScannedForEncodings = 0;
			knownRegions = (
				en,
				Base,
			);
			mainGroup = 1139E6272EDA40F600C0673A;
			productRefGroup = 1139E6312EDA40F600C0673A /* Products */;
			projectDirPath = "";
			projectRoot = "";
			targets = (
				1139E62F2EDA40F600C0673A /* Cleaner_Gemini */,
				1139E6442EDA40F900C0673A /* Cleaner_GeminiTests */,
				1139E64E2EDA40F900C0673A /* Cleaner_GeminiUITests */,
			);
		};
/* End PBXProject section */

/* Begin PBXResourcesBuildPhase section */
		1139E62E2EDA40F600C0673A /* Resources */ = {
			isa = PBXResourcesBuildPhase;
			buildActionMask = 2147483647;
			files = (
				1139E63B2EDA40F900C0673A /* Preview Assets.xcassets in Resources */,
				1139E6382EDA40F900C0673A /* Assets.xcassets in Resources */,
			);
			runOnlyForDeploymentPostprocessing = 0;
		};
		1139E6432EDA40F900C0673A /* Resources */ = {
			isa = PBXResourcesBuildPhase;
			buildActionMask = 2147483647;
			files = (
			);
			runOnlyForDeploymentPostprocessing = 0;
		};
		1139E64D2EDA40F900C0673A /* Resources */ = {
			isa = PBXResourcesBuildPhase;
			buildActionMask = 2147483647;
			files = (
			);
			runOnlyForDeploymentPostprocessing = 0;
		};
/* End PBXResourcesBuildPhase section */

/* Begin PBXSourcesBuildPhase section */
		1139E62C2EDA40F600C0673A /* Sources */ = {
			isa = PBXSourcesBuildPhase;
			buildActionMask = 2147483647;
			files = (
				1139E63D2EDA40F900C0673A /* Persistence.swift in Sources */,
				1139E6402EDA40F900C0673A /* Cleaner_Gemini.xcdatamodeld in Sources */,
				1139E6362EDA40F600C0673A /* ContentView.swift in Sources */,
				1139E6342EDA40F600C0673A /* Cleaner_GeminiApp.swift in Sources */,
			);
			runOnlyForDeploymentPostprocessing = 0;
		};
		1139E6412EDA40F900C0673A /* Sources */ = {
			isa = PBXSourcesBuildPhase;
			buildActionMask = 2147483647;
			files = (
				1139E64A2EDA40F900C0673A /* Cleaner_GeminiTests.swift in Sources */,
			);
			runOnlyForDeploymentPostprocessing = 0;
		};
		1139E64B2EDA40F900C0673A /* Sources */ = {
			isa = PBXSourcesBuildPhase;
			buildActionMask = 2147483647;
			files = (
				1139E6562EDA40FA00C0673A /* Cleaner_GeminiUITestsLaunchTests.swift in Sources */,
				1139E6542EDA40FA00C0673A /* Cleaner_GeminiUITests.swift in Sources */,
			);
			runOnlyForDeploymentPostprocessing = 0;
		};
/* End PBXSourcesBuildPhase section */

/* Begin PBXTargetDependency section */
		1139E6472EDA40F900C0673A /* PBXTargetDependency */ = {
			isa = PBXTargetDependency;
			target = 1139E62F2EDA40F600C0673A /* Cleaner_Gemini */;
			targetProxy = 1139E6462EDA40F900C0673A /* PBXContainerItemProxy */;
		};
		1139E6512EDA40FA00C0673A /* PBXTargetDependency */ = {
			isa = PBXTargetDependency;
			target = 1139E62F2EDA40F600C0673A /* Cleaner_Gemini */;
			targetProxy = 1139E6502EDA40FA00C0673A /* PBXContainerItemProxy */;
		};
/* End PBXTargetDependency section */

/* Begin XCBuildConfiguration section */
		1139E6572EDA40FA00C0673A /* Debug */ = {
			isa = XCBuildConfiguration;
			buildSettings = {
				ALWAYS_SEARCH_USER_PATHS = NO;
				CLANG_ANALYZER_NONNULL = YES;
				CLANG_ANALYZER_NUMBER_OBJECT_CONVERSION = YES_AGGRESSIVE;
				CLANG_CXX_LANGUAGE_STANDARD = "gnu++20";
				CLANG_ENABLE_MODULES = YES;
				CLANG_ENABLE_OBJC_ARC = YES;
				CLANG_ENABLE_OBJC_WEAK = YES;
				CLANG_WARN_BLOCK_CAPTURE_AUTORELEASING = YES;
				CLANG_WARN_BOOL_CONVERSION = YES;
				CLANG_WARN_COMMA = YES;
				CLANG_WARN_CONSTANT_CONVERSION = YES;
				CLANG_WARN_DEPRECATED_OBJC_IMPLEMENTATIONS = YES;
				CLANG_WARN_DIRECT_OBJC_ISA_USAGE = YES_ERROR;
				CLANG_WARN_DOCUMENTATION_COMMENTS = YES;
				CLANG_WARN_EMPTY_BODY = YES;
				CLANG_WARN_ENUM_CONVERSION = YES;
				CLANG_WARN_INFINITE_RECURSION = YES;
				CLANG_WARN_INT_CONVERSION = YES;
				CLANG_WARN_NON_LITERAL_NULL_CONVERSION = YES;
				CLANG_WARN_OBJC_IMPLICIT_RETAIN_SELF = YES;
				CLANG_WARN_OBJC_LITERAL_CONVERSION = YES;
				CLANG_WARN_OBJC_ROOT_CLASS = YES_ERROR;
				CLANG_WARN_QUOTED_INCLUDE_IN_FRAMEWORK_HEADER = YES;
				CLANG_WARN_RANGE_LOOP_ANALYSIS = YES;
				CLANG_WARN_STRICT_PROTOTYPES = YES;
				CLANG_WARN_SUSPICIOUS_MOVE = YES;
				CLANG_WARN_UNGUARDED_AVAILABILITY = YES_AGGRESSIVE;
				CLANG_WARN_UNREACHABLE_CODE = YES;
				CLANG_WARN__DUPLICATE_METHOD_MATCH = YES;
				COPY_PHASE_STRIP = NO;
				DEBUG_INFORMATION_FORMAT = dwarf;
				ENABLE_STRICT_OBJC_MSGSEND = YES;
				ENABLE_TESTABILITY = YES;
				GCC_C_LANGUAGE_STANDARD = gnu11;
				GCC_DYNAMIC_NO_PIC = NO;
				GCC_NO_COMMON_BLOCKS = YES;
				GCC_OPTIMIZATION_LEVEL = 0;
				GCC_PREPROCESSOR_DEFINITIONS = (
					"DEBUG=1",
					"$(inherited)",
				);
				GCC_WARN_64_TO_32_BIT_CONVERSION = YES;
				GCC_WARN_ABOUT_RETURN_TYPE = YES_ERROR;
				GCC_WARN_UNDECLARED_SELECTOR = YES;
				GCC_WARN_UNINITIALIZED_AUTOS = YES_AGGRESSIVE;
				GCC_WARN_UNUSED_FUNCTION = YES;
				GCC_WARN_UNUSED_VARIABLE = YES;
				IPHONEOS_DEPLOYMENT_TARGET = 16.4;
				MTL_ENABLE_DEBUG_INFO = INCLUDE_SOURCE;
				MTL_FAST_MATH = YES;
				ONLY_ACTIVE_ARCH = YES;
				SDKROOT = iphoneos;
				SWIFT_ACTIVE_COMPILATION_CONDITIONS = DEBUG;
				SWIFT_OPTIMIZATION_LEVEL = "-Onone";
			};
			name = Debug;
		};
		1139E6582EDA40FA00C0673A /* Release */ = {
			isa = XCBuildConfiguration;
			buildSettings = {
				ALWAYS_SEARCH_USER_PATHS = NO;
				CLANG_ANALYZER_NONNULL = YES;
				CLANG_ANALYZER_NUMBER_OBJECT_CONVERSION = YES_AGGRESSIVE;
				CLANG_CXX_LANGUAGE_STANDARD = "gnu++20";
				CLANG_ENABLE_MODULES = YES;
				CLANG_ENABLE_OBJC_ARC = YES;
				CLANG_ENABLE_OBJC_WEAK = YES;
				CLANG_WARN_BLOCK_CAPTURE_AUTORELEASING = YES;
				CLANG_WARN_BOOL_CONVERSION = YES;
				CLANG_WARN_COMMA = YES;
				CLANG_WARN_CONSTANT_CONVERSION = YES;
				CLANG_WARN_DEPRECATED_OBJC_IMPLEMENTATIONS = YES;
				CLANG_WARN_DIRECT_OBJC_ISA_USAGE = YES_ERROR;
				CLANG_WARN_DOCUMENTATION_COMMENTS = YES;
				CLANG_WARN_EMPTY_BODY = YES;
				CLANG_WARN_ENUM_CONVERSION = YES;
				CLANG_WARN_INFINITE_RECURSION = YES;
				CLANG_WARN_INT_CONVERSION = YES;
				CLANG_WARN_NON_LITERAL_NULL_CONVERSION = YES;
				CLANG_WARN_OBJC_IMPLICIT_RETAIN_SELF = YES;
				CLANG_WARN_OBJC_LITERAL_CONVERSION = YES;
				CLANG_WARN_OBJC_ROOT_CLASS = YES_ERROR;
				CLANG_WARN_QUOTED_INCLUDE_IN_FRAMEWORK_HEADER = YES;
				CLANG_WARN_RANGE_LOOP_ANALYSIS = YES;
				CLANG_WARN_STRICT_PROTOTYPES = YES;
				CLANG_WARN_SUSPICIOUS_MOVE = YES;
				CLANG_WARN_UNGUARDED_AVAILABILITY = YES_AGGRESSIVE;
				CLANG_WARN_UNREACHABLE_CODE = YES;
				CLANG_WARN__DUPLICATE_METHOD_MATCH = YES;
				COPY_PHASE_STRIP = NO;
				DEBUG_INFORMATION_FORMAT = "dwarf-with-dsym";
				ENABLE_NS_ASSERTIONS = NO;
				ENABLE_STRICT_OBJC_MSGSEND = YES;
				GCC_C_LANGUAGE_STANDARD = gnu11;
				GCC_NO_COMMON_BLOCKS = YES;
				GCC_WARN_64_TO_32_BIT_CONVERSION = YES;
				GCC_WARN_ABOUT_RETURN_TYPE = YES_ERROR;
				GCC_WARN_UNDECLARED_SELECTOR = YES;
				GCC_WARN_UNINITIALIZED_AUTOS = YES_AGGRESSIVE;
				GCC_WARN_UNUSED_FUNCTION = YES;
				GCC_WARN_UNUSED_VARIABLE = YES;
				IPHONEOS_DEPLOYMENT_TARGET = 16.4;
				MTL_ENABLE_DEBUG_INFO = NO;
				MTL_FAST_MATH = YES;
				SDKROOT = iphoneos;
				SWIFT_COMPILATION_MODE = wholemodule;
				SWIFT_OPTIMIZATION_LEVEL = "-O";
				VALIDATE_PRODUCT = YES;
			};
			name = Release;
		};
		1139E65A2EDA40FA00C0673A /* Debug */ = {
			isa = XCBuildConfiguration;
			buildSettings = {
				ASSETCATALOG_COMPILER_APPICON_NAME = AppIcon;
				ASSETCATALOG_COMPILER_GLOBAL_ACCENT_COLOR_NAME = AccentColor;
				CODE_SIGN_STYLE = Automatic;
				CURRENT_PROJECT_VERSION = 1;
				DEVELOPMENT_ASSET_PATHS = "\"Cleaner_Gemini/Preview Content\"";
				DEVELOPMENT_TEAM = CZPS8FB75D;
				ENABLE_PREVIEWS = YES;
				GENERATE_INFOPLIST_FILE = YES;
				INFOPLIST_KEY_UIApplicationSceneManifest_Generation = YES;
				INFOPLIST_KEY_UIApplicationSupportsIndirectInputEvents = YES;
				INFOPLIST_KEY_UILaunchScreen_Generation = YES;
				INFOPLIST_KEY_UISupportedInterfaceOrientations_iPad = "UIInterfaceOrientationPortrait UIInterfaceOrientationPortraitUpsideDown UIInterfaceOrientationLandscapeLeft UIInterfaceOrientationLandscapeRight";
				INFOPLIST_KEY_UISupportedInterfaceOrientations_iPhone = "UIInterfaceOrientationPortrait UIInterfaceOrientationLandscapeLeft UIInterfaceOrientationLandscapeRight";
				LD_RUNPATH_SEARCH_PATHS = (
					"$(inherited)",
					"@executable_path/Frameworks",
				);
				MARKETING_VERSION = 1.0;
				PRODUCT_BUNDLE_IDENTIFIER = "nikita.k.Cleaner-Gemini";
				PRODUCT_NAME = "$(TARGET_NAME)";
				SWIFT_EMIT_LOC_STRINGS = YES;
				SWIFT_VERSION = 5.0;
				TARGETED_DEVICE_FAMILY = "1,2";
			};
			name = Debug;
		};
		1139E65B2EDA40FA00C0673A /* Release */ = {
			isa = XCBuildConfiguration;
			buildSettings = {
				ASSETCATALOG_COMPILER_APPICON_NAME = AppIcon;
				ASSETCATALOG_COMPILER_GLOBAL_ACCENT_COLOR_NAME = AccentColor;
				CODE_SIGN_STYLE = Automatic;
				CURRENT_PROJECT_VERSION = 1;
				DEVELOPMENT_ASSET_PATHS = "\"Cleaner_Gemini/Preview Content\"";
				DEVELOPMENT_TEAM = CZPS8FB75D;
				ENABLE_PREVIEWS = YES;
				GENERATE_INFOPLIST_FILE = YES;
				INFOPLIST_KEY_UIApplicationSceneManifest_Generation = YES;
				INFOPLIST_KEY_UIApplicationSupportsIndirectInputEvents = YES;
				INFOPLIST_KEY_UILaunchScreen_Generation = YES;
				INFOPLIST_KEY_UISupportedInterfaceOrientations_iPad = "UIInterfaceOrientationPortrait UIInterfaceOrientationPortraitUpsideDown UIInterfaceOrientationLandscapeLeft UIInterfaceOrientationLandscapeRight";
				INFOPLIST_KEY_UISupportedInterfaceOrientations_iPhone = "UIInterfaceOrientationPortrait UIInterfaceOrientationLandscapeLeft UIInterfaceOrientationLandscapeRight";
				LD_RUNPATH_SEARCH_PATHS = (
					"$(inherited)",
					"@executable_path/Frameworks",
				);
				MARKETING_VERSION = 1.0;
				PRODUCT_BUNDLE_IDENTIFIER = "nikita.k.Cleaner-Gemini";
				PRODUCT_NAME = "$(TARGET_NAME)";
				SWIFT_EMIT_LOC_STRINGS = YES;
				SWIFT_VERSION = 5.0;
				TARGETED_DEVICE_FAMILY = "1,2";
			};
			name = Release;
		};
		1139E65D2EDA40FA00C0673A /* Debug */ = {
			isa = XCBuildConfiguration;
			buildSettings = {
				ALWAYS_EMBED_SWIFT_STANDARD_LIBRARIES = YES;
				BUNDLE_LOADER = "$(TEST_HOST)";
				CODE_SIGN_STYLE = Automatic;
				CURRENT_PROJECT_VERSION = 1;
				DEVELOPMENT_TEAM = CZPS8FB75D;
				GENERATE_INFOPLIST_FILE = YES;
				IPHONEOS_DEPLOYMENT_TARGET = 16.4;
				MARKETING_VERSION = 1.0;
				PRODUCT_BUNDLE_IDENTIFIER = "nikita.k.Cleaner-GeminiTests";
				PRODUCT_NAME = "$(TARGET_NAME)";
				SWIFT_EMIT_LOC_STRINGS = NO;
				SWIFT_VERSION = 5.0;
				TARGETED_DEVICE_FAMILY = "1,2";
				TEST_HOST = "$(BUILT_PRODUCTS_DIR)/Cleaner_Gemini.app/$(BUNDLE_EXECUTABLE_FOLDER_PATH)/Cleaner_Gemini";
			};
			name = Debug;
		};
		1139E65E2EDA40FA00C0673A /* Release */ = {
			isa = XCBuildConfiguration;
			buildSettings = {
				ALWAYS_EMBED_SWIFT_STANDARD_LIBRARIES = YES;
				BUNDLE_LOADER = "$(TEST_HOST)";
				CODE_SIGN_STYLE = Automatic;
				CURRENT_PROJECT_VERSION = 1;
				DEVELOPMENT_TEAM = CZPS8FB75D;
				GENERATE_INFOPLIST_FILE = YES;
				IPHONEOS_DEPLOYMENT_TARGET = 16.4;
				MARKETING_VERSION = 1.0;
				PRODUCT_BUNDLE_IDENTIFIER = "nikita.k.Cleaner-GeminiTests";
				PRODUCT_NAME = "$(TARGET_NAME)";
				SWIFT_EMIT_LOC_STRINGS = NO;
				SWIFT_VERSION = 5.0;
				TARGETED_DEVICE_FAMILY = "1,2";
				TEST_HOST = "$(BUILT_PRODUCTS_DIR)/Cleaner_Gemini.app/$(BUNDLE_EXECUTABLE_FOLDER_PATH)/Cleaner_Gemini";
			};
			name = Release;
		};
		1139E6602EDA40FA00C0673A /* Debug */ = {
			isa = XCBuildConfiguration;
			buildSettings = {
				ALWAYS_EMBED_SWIFT_STANDARD_LIBRARIES = YES;
				CODE_SIGN_STYLE = Automatic;
				CURRENT_PROJECT_VERSION = 1;
				DEVELOPMENT_TEAM = CZPS8FB75D;
				GENERATE_INFOPLIST_FILE = YES;
				MARKETING_VERSION = 1.0;
				PRODUCT_BUNDLE_IDENTIFIER = "nikita.k.Cleaner-GeminiUITests";
				PRODUCT_NAME = "$(TARGET_NAME)";
				SWIFT_EMIT_LOC_STRINGS = NO;
				SWIFT_VERSION = 5.0;
				TARGETED_DEVICE_FAMILY = "1,2";
				TEST_TARGET_NAME = Cleaner_Gemini;
			};
			name = Debug;
		};
		1139E6612EDA40FA00C0673A /* Release */ = {
			isa = XCBuildConfiguration;
			buildSettings = {
				ALWAYS_EMBED_SWIFT_STANDARD_LIBRARIES = YES;
				CODE_SIGN_STYLE = Automatic;
				CURRENT_PROJECT_VERSION = 1;
				DEVELOPMENT_TEAM = CZPS8FB75D;
				GENERATE_INFOPLIST_FILE = YES;
				MARKETING_VERSION = 1.0;
				PRODUCT_BUNDLE_IDENTIFIER = "nikita.k.Cleaner-GeminiUITests";
				PRODUCT_NAME = "$(TARGET_NAME)";
				SWIFT_EMIT_LOC_STRINGS = NO;
				SWIFT_VERSION = 5.0;
				TARGETED_DEVICE_FAMILY = "1,2";
				TEST_TARGET_NAME = Cleaner_Gemini;
			};
			name = Release;
		};
/* End XCBuildConfiguration section */

/* Begin XCConfigurationList section */
		1139E62B2EDA40F600C0673A /* Build configuration list for PBXProject "Cleaner_Gemini" */ = {
			isa = XCConfigurationList;
			buildConfigurations = (
				1139E6572EDA40FA00C0673A /* Debug */,
				1139E6582EDA40FA00C0673A /* Release */,
			);
			defaultConfigurationIsVisible = 0;
			defaultConfigurationName = Release;
		};
		1139E6592EDA40FA00C0673A /* Build configuration list for PBXNativeTarget "Cleaner_Gemini" */ = {
			isa = XCConfigurationList;
			buildConfigurations = (
				1139E65A2EDA40FA00C0673A /* Debug */,
				1139E65B2EDA40FA00C0673A /* Release */,
			);
			defaultConfigurationIsVisible = 0;
			defaultConfigurationName = Release;
		};
		1139E65C2EDA40FA00C0673A /* Build configuration list for PBXNativeTarget "Cleaner_GeminiTests" */ = {
			isa = XCConfigurationList;
			buildConfigurations = (
				1139E65D2EDA40FA00C0673A /* Debug */,
				1139E65E2EDA40FA00C0673A /* Release */,
			);
			defaultConfigurationIsVisible = 0;
			defaultConfigurationName = Release;
		};
		1139E65F2EDA40FA00C0673A /* Build configuration list for PBXNativeTarget "Cleaner_GeminiUITests" */ = {
			isa = XCConfigurationList;
			buildConfigurations = (
				1139E6602EDA40FA00C0673A /* Debug */,
				1139E6612EDA40FA00C0673A /* Release */,
			);
			defaultConfigurationIsVisible = 0;
			defaultConfigurationName = Release;
		};
/* End XCConfigurationList section */

/* Begin XCVersionGroup section */
		1139E63E2EDA40F900C0673A /* Cleaner_Gemini.xcdatamodeld */ = {
			isa = XCVersionGroup;
			children = (
				1139E63F2EDA40F900C0673A /* Cleaner_Gemini.xcdatamodel */,
			);
			currentVersion = 1139E63F2EDA40F900C0673A /* Cleaner_Gemini.xcdatamodel */;
			path = Cleaner_Gemini.xcdatamodeld;
			sourceTree = "<group>";
			versionGroupType = wrapper.xcdatamodel;
		};
/* End XCVersionGroup section */
	};
	rootObject = 1139E6282EDA40F600C0673A /* Project object */;
}
